// !$*UTF8*$!
{
	archiveVersion = 1;
	classes = {
	};
	objectVersion = 56;
	objects = {

/* Begin PBXBuildFile section */
		CD04ECE82A5E81F800FF0241 /* AppDelegate.swift in Sources */ = {isa = PBXBuildFile; fileRef = CD04ECE72A5E81F800FF0241 /* AppDelegate.swift */; };
		CD04ECEA2A5E81F800FF0241 /* SceneDelegate.swift in Sources */ = {isa = PBXBuildFile; fileRef = CD04ECE92A5E81F800FF0241 /* SceneDelegate.swift */; };
		CD04ECEC2A5E81F800FF0241 /* ViewController.swift in Sources */ = {isa = PBXBuildFile; fileRef = CD04ECEB2A5E81F800FF0241 /* ViewController.swift */; };
		CD04ECEF2A5E81F800FF0241 /* Main.storyboard in Resources */ = {isa = PBXBuildFile; fileRef = CD04ECED2A5E81F800FF0241 /* Main.storyboard */; };
		CD04ECF12A5E81F900FF0241 /* Assets.xcassets in Resources */ = {isa = PBXBuildFile; fileRef = CD04ECF02A5E81F900FF0241 /* Assets.xcassets */; };
		CD04ECF42A5E81F900FF0241 /* LaunchScreen.storyboard in Resources */ = {isa = PBXBuildFile; fileRef = CD04ECF22A5E81F900FF0241 /* LaunchScreen.storyboard */; };
		CD04ED012A5EC73000FF0241 /* Assets.swift in Sources */ = {isa = PBXBuildFile; fileRef = CD04ED002A5EC73000FF0241 /* Assets.swift */; };
		E40BC50FD30EC817E75D9C3C /* Pods_BasicNoteApp.framework in Frameworks */ = {isa = PBXBuildFile; fileRef = 06B7E609EB242396FCDF3397 /* Pods_BasicNoteApp.framework */; };
/* End PBXBuildFile section */

/* Begin PBXFileReference section */
		06B7E609EB242396FCDF3397 /* Pods_BasicNoteApp.framework */ = {isa = PBXFileReference; explicitFileType = wrapper.framework; includeInIndex = 0; path = Pods_BasicNoteApp.framework; sourceTree = BUILT_PRODUCTS_DIR; };
		C8A454152F8BACEEF5EDEB1F /* Pods-BasicNoteApp.release.xcconfig */ = {isa = PBXFileReference; includeInIndex = 1; lastKnownFileType = text.xcconfig; name = "Pods-BasicNoteApp.release.xcconfig"; path = "Target Support Files/Pods-BasicNoteApp/Pods-BasicNoteApp.release.xcconfig"; sourceTree = "<group>"; };
		CD04ECE42A5E81F800FF0241 /* BasicNoteApp.app */ = {isa = PBXFileReference; explicitFileType = wrapper.application; includeInIndex = 0; path = BasicNoteApp.app; sourceTree = BUILT_PRODUCTS_DIR; };
		CD04ECE72A5E81F800FF0241 /* AppDelegate.swift */ = {isa = PBXFileReference; lastKnownFileType = sourcecode.swift; path = AppDelegate.swift; sourceTree = "<group>"; };
		CD04ECE92A5E81F800FF0241 /* SceneDelegate.swift */ = {isa = PBXFileReference; lastKnownFileType = sourcecode.swift; path = SceneDelegate.swift; sourceTree = "<group>"; };
		CD04ECEB2A5E81F800FF0241 /* ViewController.swift */ = {isa = PBXFileReference; lastKnownFileType = sourcecode.swift; path = ViewController.swift; sourceTree = "<group>"; };
		CD04ECEE2A5E81F800FF0241 /* Base */ = {isa = PBXFileReference; lastKnownFileType = file.storyboard; name = Base; path = Base.lproj/Main.storyboard; sourceTree = "<group>"; };
		CD04ECF02A5E81F900FF0241 /* Assets.xcassets */ = {isa = PBXFileReference; lastKnownFileType = folder.assetcatalog; path = Assets.xcassets; sourceTree = "<group>"; };
		CD04ECF32A5E81F900FF0241 /* Base */ = {isa = PBXFileReference; lastKnownFileType = file.storyboard; name = Base; path = Base.lproj/LaunchScreen.storyboard; sourceTree = "<group>"; };
		CD04ECF52A5E81F900FF0241 /* Info.plist */ = {isa = PBXFileReference; lastKnownFileType = text.plist.xml; path = Info.plist; sourceTree = "<group>"; };
		CD04ED002A5EC73000FF0241 /* Assets.swift */ = {isa = PBXFileReference; lastKnownFileType = sourcecode.swift; path = Assets.swift; sourceTree = "<group>"; };
		D291A421EC6D6C941174774E /* Pods-BasicNoteApp.debug.xcconfig */ = {isa = PBXFileReference; includeInIndex = 1; lastKnownFileType = text.xcconfig; name = "Pods-BasicNoteApp.debug.xcconfig"; path = "Target Support Files/Pods-BasicNoteApp/Pods-BasicNoteApp.debug.xcconfig"; sourceTree = "<group>"; };
/* End PBXFileReference section */

/* Begin PBXFrameworksBuildPhase section */
		CD04ECE12A5E81F800FF0241 /* Frameworks */ = {
			isa = PBXFrameworksBuildPhase;
			buildActionMask = 2147483647;
			files = (
				E40BC50FD30EC817E75D9C3C /* Pods_BasicNoteApp.framework in Frameworks */,
			);
			runOnlyForDeploymentPostprocessing = 0;
		};
/* End PBXFrameworksBuildPhase section */

/* Begin PBXGroup section */
		09BBC935F373A0C637607202 /* Pods */ = {
			isa = PBXGroup;
			children = (
				D291A421EC6D6C941174774E /* Pods-BasicNoteApp.debug.xcconfig */,
				C8A454152F8BACEEF5EDEB1F /* Pods-BasicNoteApp.release.xcconfig */,
			);
			name = Pods;
			path = Pods;
			sourceTree = "<group>";
		};
		CD04ECDB2A5E81F800FF0241 = {
			isa = PBXGroup;
			children = (
				CD04ECE62A5E81F800FF0241 /* BasicNoteApp */,
				CD04ECE52A5E81F800FF0241 /* Products */,
				09BBC935F373A0C637607202 /* Pods */,
				D7A64531C1D739A7E9314816 /* Frameworks */,
			);
			sourceTree = "<group>";
		};
		CD04ECE52A5E81F800FF0241 /* Products */ = {
			isa = PBXGroup;
			children = (
				CD04ECE42A5E81F800FF0241 /* BasicNoteApp.app */,
			);
			name = Products;
			sourceTree = "<group>";
		};
		CD04ECE62A5E81F800FF0241 /* BasicNoteApp */ = {
			isa = PBXGroup;
			children = (
				CD04ECFE2A5E895500FF0241 /* Resources */,
				CD04ECE72A5E81F800FF0241 /* AppDelegate.swift */,
				CD04ECE92A5E81F800FF0241 /* SceneDelegate.swift */,
				CD04ECEB2A5E81F800FF0241 /* ViewController.swift */,
				CD04ECED2A5E81F800FF0241 /* Main.storyboard */,
				CD04ECF02A5E81F900FF0241 /* Assets.xcassets */,
				CD04ECF22A5E81F900FF0241 /* LaunchScreen.storyboard */,
				CD04ECF52A5E81F900FF0241 /* Info.plist */,
			);
			path = BasicNoteApp;
			sourceTree = "<group>";
		};
		CD04ECFE2A5E895500FF0241 /* Resources */ = {
			isa = PBXGroup;
			children = (
				CD04ECFF2A5EC6E400FF0241 /* Assets */,
			);
			path = Resources;
			sourceTree = "<group>";
		};
		CD04ECFF2A5EC6E400FF0241 /* Assets */ = {
			isa = PBXGroup;
			children = (
				CD04ED002A5EC73000FF0241 /* Assets.swift */,
			);
			path = Assets;
			sourceTree = "<group>";
		};
		D7A64531C1D739A7E9314816 /* Frameworks */ = {
			isa = PBXGroup;
			children = (
				06B7E609EB242396FCDF3397 /* Pods_BasicNoteApp.framework */,
			);
			name = Frameworks;
			sourceTree = "<group>";
		};
/* End PBXGroup section */

/* Begin PBXNativeTarget section */
		CD04ECE32A5E81F800FF0241 /* BasicNoteApp */ = {
			isa = PBXNativeTarget;
			buildConfigurationList = CD04ECF82A5E81F900FF0241 /* Build configuration list for PBXNativeTarget "BasicNoteApp" */;
			buildPhases = (
				D448D8D6ABD3287E607B8738 /* [CP] Check Pods Manifest.lock */,
				CD04ECE02A5E81F800FF0241 /* Sources */,
				CD04ECE12A5E81F800FF0241 /* Frameworks */,
				CD04ECE22A5E81F800FF0241 /* Resources */,
			);
			buildRules = (
			);
			dependencies = (
			);
			name = BasicNoteApp;
			productName = BasicNoteApp;
			productReference = CD04ECE42A5E81F800FF0241 /* BasicNoteApp.app */;
			productType = "com.apple.product-type.application";
		};
/* End PBXNativeTarget section */

/* Begin PBXProject section */
		CD04ECDC2A5E81F800FF0241 /* Project object */ = {
			isa = PBXProject;
			attributes = {
				BuildIndependentTargetsInParallel = 1;
				LastSwiftUpdateCheck = 1430;
				LastUpgradeCheck = 1430;
				TargetAttributes = {
					CD04ECE32A5E81F800FF0241 = {
						CreatedOnToolsVersion = 14.3.1;
					};
				};
			};
			buildConfigurationList = CD04ECDF2A5E81F800FF0241 /* Build configuration list for PBXProject "BasicNoteApp" */;
			compatibilityVersion = "Xcode 14.0";
			developmentRegion = en;
			hasScannedForEncodings = 0;
			knownRegions = (
				en,
				Base,
			);
			mainGroup = CD04ECDB2A5E81F800FF0241;
			productRefGroup = CD04ECE52A5E81F800FF0241 /* Products */;
			projectDirPath = "";
			projectRoot = "";
			targets = (
				CD04ECE32A5E81F800FF0241 /* BasicNoteApp */,
			);
		};
/* End PBXProject section */

/* Begin PBXResourcesBuildPhase section */
		CD04ECE22A5E81F800FF0241 /* Resources */ = {
			isa = PBXResourcesBuildPhase;
			buildActionMask = 2147483647;
			files = (
				CD04ECF42A5E81F900FF0241 /* LaunchScreen.storyboard in Resources */,
				CD04ECF12A5E81F900FF0241 /* Assets.xcassets in Resources */,
				CD04ECEF2A5E81F800FF0241 /* Main.storyboard in Resources */,
			);
			runOnlyForDeploymentPostprocessing = 0;
		};
/* End PBXResourcesBuildPhase section */

/* Begin PBXShellScriptBuildPhase section */
		D448D8D6ABD3287E607B8738 /* [CP] Check Pods Manifest.lock */ = {
			isa = PBXShellScriptBuildPhase;
			buildActionMask = 2147483647;
			files = (
			);
			inputFileListPaths = (
			);
			inputPaths = (
				"${PODS_PODFILE_DIR_PATH}/Podfile.lock",
				"${PODS_ROOT}/Manifest.lock",
			);
			name = "[CP] Check Pods Manifest.lock";
			outputFileListPaths = (
			);
			outputPaths = (
				"$(DERIVED_FILE_DIR)/Pods-BasicNoteApp-checkManifestLockResult.txt",
			);
			runOnlyForDeploymentPostprocessing = 0;
			shellPath = /bin/sh;
			shellScript = "diff \"${PODS_PODFILE_DIR_PATH}/Podfile.lock\" \"${PODS_ROOT}/Manifest.lock\" > /dev/null\nif [ $? != 0 ] ; then\n    # print error to STDERR\n    echo \"error: The sandbox is not in sync with the Podfile.lock. Run 'pod install' or update your CocoaPods installation.\" >&2\n    exit 1\nfi\n# This output is used by Xcode 'outputs' to avoid re-running this script phase.\necho \"SUCCESS\" > \"${SCRIPT_OUTPUT_FILE_0}\"\n";
			showEnvVarsInLog = 0;
		};
/* End PBXShellScriptBuildPhase section */

/* Begin PBXSourcesBuildPhase section */
		CD04ECE02A5E81F800FF0241 /* Sources */ = {
			isa = PBXSourcesBuildPhase;
			buildActionMask = 2147483647;
			files = (
				CD04ECEC2A5E81F800FF0241 /* ViewController.swift in Sources */,
				CD04ECE82A5E81F800FF0241 /* AppDelegate.swift in Sources */,
				CD04ED012A5EC73000FF0241 /* Assets.swift in Sources */,
				CD04ECEA2A5E81F800FF0241 /* SceneDelegate.swift in Sources */,
			);
			runOnlyForDeploymentPostprocessing = 0;
		};
/* End PBXSourcesBuildPhase section */

/* Begin PBXVariantGroup section */
		CD04ECED2A5E81F800FF0241 /* Main.storyboard */ = {
			isa = PBXVariantGroup;
			children = (
				CD04ECEE2A5E81F800FF0241 /* Base */,
			);
			name = Main.storyboard;
			sourceTree = "<group>";
		};
		CD04ECF22A5E81F900FF0241 /* LaunchScreen.storyboard */ = {
			isa = PBXVariantGroup;
			children = (
				CD04ECF32A5E81F900FF0241 /* Base */,
			);
			name = LaunchScreen.storyboard;
			sourceTree = "<group>";
		};
/* End PBXVariantGroup section */

/* Begin XCBuildConfiguration section */
		CD04ECF62A5E81F900FF0241 /* Debug */ = {
			isa = XCBuildConfiguration;
			buildSettings = {
				ALWAYS_SEARCH_USER_PATHS = NO;
				CLANG_ANALYZER_NONNULL = YES;
				CLANG_ANALYZER_NUMBER_OBJECT_CONVERSION = YES_AGGRESSIVE;
				CLANG_CXX_LANGUAGE_STANDARD = "gnu++20";
				CLANG_ENABLE_MODULES = YES;
				CLANG_ENABLE_OBJC_ARC = YES;
				CLANG_ENABLE_OBJC_WEAK = YES;
				CLANG_WARN_BLOCK_CAPTURE_AUTORELEASING = YES;
				CLANG_WARN_BOOL_CONVERSION = YES;
				CLANG_WARN_COMMA = YES;
				CLANG_WARN_CONSTANT_CONVERSION = YES;
				CLANG_WARN_DEPRECATED_OBJC_IMPLEMENTATIONS = YES;
				CLANG_WARN_DIRECT_OBJC_ISA_USAGE = YES_ERROR;
				CLANG_WARN_DOCUMENTATION_COMMENTS = YES;
				CLANG_WARN_EMPTY_BODY = YES;
				CLANG_WARN_ENUM_CONVERSION = YES;
				CLANG_WARN_INFINITE_RECURSION = YES;
				CLANG_WARN_INT_CONVERSION = YES;
				CLANG_WARN_NON_LITERAL_NULL_CONVERSION = YES;
				CLANG_WARN_OBJC_IMPLICIT_RETAIN_SELF = YES;
				CLANG_WARN_OBJC_LITERAL_CONVERSION = YES;
				CLANG_WARN_OBJC_ROOT_CLASS = YES_ERROR;
				CLANG_WARN_QUOTED_INCLUDE_IN_FRAMEWORK_HEADER = YES;
				CLANG_WARN_RANGE_LOOP_ANALYSIS = YES;
				CLANG_WARN_STRICT_PROTOTYPES = YES;
				CLANG_WARN_SUSPICIOUS_MOVE = YES;
				CLANG_WARN_UNGUARDED_AVAILABILITY = YES_AGGRESSIVE;
				CLANG_WARN_UNREACHABLE_CODE = YES;
				CLANG_WARN__DUPLICATE_METHOD_MATCH = YES;
				COPY_PHASE_STRIP = NO;
				DEBUG_INFORMATION_FORMAT = dwarf;
				ENABLE_STRICT_OBJC_MSGSEND = YES;
				ENABLE_TESTABILITY = YES;
				GCC_C_LANGUAGE_STANDARD = gnu11;
				GCC_DYNAMIC_NO_PIC = NO;
				GCC_NO_COMMON_BLOCKS = YES;
				GCC_OPTIMIZATION_LEVEL = 0;
				GCC_PREPROCESSOR_DEFINITIONS = (
					"DEBUG=1",
					"$(inherited)",
				);
				GCC_WARN_64_TO_32_BIT_CONVERSION = YES;
				GCC_WARN_ABOUT_RETURN_TYPE = YES_ERROR;
				GCC_WARN_UNDECLARED_SELECTOR = YES;
				GCC_WARN_UNINITIALIZED_AUTOS = YES_AGGRESSIVE;
				GCC_WARN_UNUSED_FUNCTION = YES;
				GCC_WARN_UNUSED_VARIABLE = YES;
				IPHONEOS_DEPLOYMENT_TARGET = 16.4;
				MTL_ENABLE_DEBUG_INFO = INCLUDE_SOURCE;
				MTL_FAST_MATH = YES;
				ONLY_ACTIVE_ARCH = YES;
				SDKROOT = iphoneos;
				SWIFT_ACTIVE_COMPILATION_CONDITIONS = DEBUG;
				SWIFT_OPTIMIZATION_LEVEL = "-Onone";
			};
			name = Debug;
		};
		CD04ECF72A5E81F900FF0241 /* Release */ = {
			isa = XCBuildConfiguration;
			buildSettings = {
				ALWAYS_SEARCH_USER_PATHS = NO;
				CLANG_ANALYZER_NONNULL = YES;
				CLANG_ANALYZER_NUMBER_OBJECT_CONVERSION = YES_AGGRESSIVE;
				CLANG_CXX_LANGUAGE_STANDARD = "gnu++20";
				CLANG_ENABLE_MODULES = YES;
				CLANG_ENABLE_OBJC_ARC = YES;
				CLANG_ENABLE_OBJC_WEAK = YES;
				CLANG_WARN_BLOCK_CAPTURE_AUTORELEASING = YES;
				CLANG_WARN_BOOL_CONVERSION = YES;
				CLANG_WARN_COMMA = YES;
				CLANG_WARN_CONSTANT_CONVERSION = YES;
				CLANG_WARN_DEPRECATED_OBJC_IMPLEMENTATIONS = YES;
				CLANG_WARN_DIRECT_OBJC_ISA_USAGE = YES_ERROR;
				CLANG_WARN_DOCUMENTATION_COMMENTS = YES;
				CLANG_WARN_EMPTY_BODY = YES;
				CLANG_WARN_ENUM_CONVERSION = YES;
				CLANG_WARN_INFINITE_RECURSION = YES;
				CLANG_WARN_INT_CONVERSION = YES;
				CLANG_WARN_NON_LITERAL_NULL_CONVERSION = YES;
				CLANG_WARN_OBJC_IMPLICIT_RETAIN_SELF = YES;
				CLANG_WARN_OBJC_LITERAL_CONVERSION = YES;
				CLANG_WARN_OBJC_ROOT_CLASS = YES_ERROR;
				CLANG_WARN_QUOTED_INCLUDE_IN_FRAMEWORK_HEADER = YES;
				CLANG_WARN_RANGE_LOOP_ANALYSIS = YES;
				CLANG_WARN_STRICT_PROTOTYPES = YES;
				CLANG_WARN_SUSPICIOUS_MOVE = YES;
				CLANG_WARN_UNGUARDED_AVAILABILITY = YES_AGGRESSIVE;
				CLANG_WARN_UNREACHABLE_CODE = YES;
				CLANG_WARN__DUPLICATE_METHOD_MATCH = YES;
				COPY_PHASE_STRIP = NO;
				DEBUG_INFORMATION_FORMAT = "dwarf-with-dsym";
				ENABLE_NS_ASSERTIONS = NO;
				ENABLE_STRICT_OBJC_MSGSEND = YES;
				GCC_C_LANGUAGE_STANDARD = gnu11;
				GCC_NO_COMMON_BLOCKS = YES;
				GCC_WARN_64_TO_32_BIT_CONVERSION = YES;
				GCC_WARN_ABOUT_RETURN_TYPE = YES_ERROR;
				GCC_WARN_UNDECLARED_SELECTOR = YES;
				GCC_WARN_UNINITIALIZED_AUTOS = YES_AGGRESSIVE;
				GCC_WARN_UNUSED_FUNCTION = YES;
				GCC_WARN_UNUSED_VARIABLE = YES;
				IPHONEOS_DEPLOYMENT_TARGET = 16.4;
				MTL_ENABLE_DEBUG_INFO = NO;
				MTL_FAST_MATH = YES;
				SDKROOT = iphoneos;
				SWIFT_COMPILATION_MODE = wholemodule;
				SWIFT_OPTIMIZATION_LEVEL = "-O";
				VALIDATE_PRODUCT = YES;
			};
			name = Release;
		};
		CD04ECF92A5E81F900FF0241 /* Debug */ = {
			isa = XCBuildConfiguration;
			baseConfigurationReference = D291A421EC6D6C941174774E /* Pods-BasicNoteApp.debug.xcconfig */;
			buildSettings = {
				ASSETCATALOG_COMPILER_APPICON_NAME = AppIcon;
				ASSETCATALOG_COMPILER_GLOBAL_ACCENT_COLOR_NAME = AccentColor;
				CODE_SIGN_STYLE = Automatic;
				CURRENT_PROJECT_VERSION = 1;
				DEVELOPMENT_TEAM = H6VZ9L6QPT;
				GENERATE_INFOPLIST_FILE = YES;
				INFOPLIST_FILE = BasicNoteApp/Info.plist;
				INFOPLIST_KEY_UIApplicationSupportsIndirectInputEvents = YES;
				INFOPLIST_KEY_UILaunchStoryboardName = LaunchScreen;
				INFOPLIST_KEY_UIMainStoryboardFile = Main;
				INFOPLIST_KEY_UISupportedInterfaceOrientations_iPad = "UIInterfaceOrientationPortrait UIInterfaceOrientationPortraitUpsideDown UIInterfaceOrientationLandscapeLeft UIInterfaceOrientationLandscapeRight";
				INFOPLIST_KEY_UISupportedInterfaceOrientations_iPhone = "UIInterfaceOrientationPortrait UIInterfaceOrientationLandscapeLeft UIInterfaceOrientationLandscapeRight";
				LD_RUNPATH_SEARCH_PATHS = (
					"$(inherited)",
					"@executable_path/Frameworks",
				);
				MARKETING_VERSION = 1.0;
				PRODUCT_BUNDLE_IDENTIFIER = virtuoso.BasicNoteApp;
				PRODUCT_NAME = "$(TARGET_NAME)";
				SWIFT_EMIT_LOC_STRINGS = YES;
				SWIFT_VERSION = 5.0;
				TARGETED_DEVICE_FAMILY = "1,2";
			};
			name = Debug;
		};
		CD04ECFA2A5E81F900FF0241 /* Release */ = {
			isa = XCBuildConfiguration;
			baseConfigurationReference = C8A454152F8BACEEF5EDEB1F /* Pods-BasicNoteApp.release.xcconfig */;
			buildSettings = {
				ASSETCATALOG_COMPILER_APPICON_NAME = AppIcon;
				ASSETCATALOG_COMPILER_GLOBAL_ACCENT_COLOR_NAME = AccentColor;
				CODE_SIGN_STYLE = Automatic;
				CURRENT_PROJECT_VERSION = 1;
				DEVELOPMENT_TEAM = H6VZ9L6QPT;
				GENERATE_INFOPLIST_FILE = YES;
				INFOPLIST_FILE = BasicNoteApp/Info.plist;
				INFOPLIST_KEY_UIApplicationSupportsIndirectInputEvents = YES;
				INFOPLIST_KEY_UILaunchStoryboardName = LaunchScreen;
				INFOPLIST_KEY_UIMainStoryboardFile = Main;
				INFOPLIST_KEY_UISupportedInterfaceOrientations_iPad = "UIInterfaceOrientationPortrait UIInterfaceOrientationPortraitUpsideDown UIInterfaceOrientationLandscapeLeft UIInterfaceOrientationLandscapeRight";
				INFOPLIST_KEY_UISupportedInterfaceOrientations_iPhone = "UIInterfaceOrientationPortrait UIInterfaceOrientationLandscapeLeft UIInterfaceOrientationLandscapeRight";
				LD_RUNPATH_SEARCH_PATHS = (
					"$(inherited)",
					"@executable_path/Frameworks",
				);
				MARKETING_VERSION = 1.0;
				PRODUCT_BUNDLE_IDENTIFIER = virtuoso.BasicNoteApp;
				PRODUCT_NAME = "$(TARGET_NAME)";
				SWIFT_EMIT_LOC_STRINGS = YES;
				SWIFT_VERSION = 5.0;
				TARGETED_DEVICE_FAMILY = "1,2";
			};
			name = Release;
		};
/* End XCBuildConfiguration section */

/* Begin XCConfigurationList section */
		CD04ECDF2A5E81F800FF0241 /* Build configuration list for PBXProject "BasicNoteApp" */ = {
			isa = XCConfigurationList;
			buildConfigurations = (
				CD04ECF62A5E81F900FF0241 /* Debug */,
				CD04ECF72A5E81F900FF0241 /* Release */,
			);
			defaultConfigurationIsVisible = 0;
			defaultConfigurationName = Release;
		};
		CD04ECF82A5E81F900FF0241 /* Build configuration list for PBXNativeTarget "BasicNoteApp" */ = {
			isa = XCConfigurationList;
			buildConfigurations = (
				CD04ECF92A5E81F900FF0241 /* Debug */,
				CD04ECFA2A5E81F900FF0241 /* Release */,
			);
			defaultConfigurationIsVisible = 0;
			defaultConfigurationName = Release;
		};
/* End XCConfigurationList section */
	};
	rootObject = CD04ECDC2A5E81F800FF0241 /* Project object */;
}
